
Microsoft Visual Studio Solution File, Format Version 12.00
# Visual Studio Version 17
VisualStudioVersion = 17.10.35122.118
MinimumVisualStudioVersion = 10.0.40219.1
Project("{8BC9CEB8-8B4A-11D0-8D11-00A0C91BC942}") = "AnimeOut-WinDecoder", "AnimeOut-WinDecoder\AnimeOut-WinDecoder.vcxproj", "{FF2A7E47-98D9-4D5A-9DF2-178005E95F6A}"
EndProject
Global
	GlobalSection(SolutionConfigurationPlatforms) = preSolution
		Debug|x64 = Debug|x64
		Debug|x86 = Debug|x86
		Release|x64 = Release|x64
		Release|x86 = Release|x86
	EndGlobalSection
	GlobalSection(ProjectConfigurationPlatforms) = postSolution
		{FF2A7E47-98D9-4D5A-9DF2-178005E95F6A}.Debug|x64.ActiveCfg = Debug|x64
		{FF2A7E47-98D9-4D5A-9DF2-178005E95F6A}.Debug|x64.Build.0 = Debug|x64
		{FF2A7E47-98D9-4D5A-9DF2-178005E95F6A}.Debug|x86.ActiveCfg = Debug|Win32
		{FF2A7E47-98D9-4D5A-9DF2-178005E95F6A}.Debug|x86.Build.0 = Debug|Win32
		{FF2A7E47-98D9-4D5A-9DF2-178005E95F6A}.Release|x64.ActiveCfg = Release|x64
		{FF2A7E47-98D9-4D5A-9DF2-178005E95F6A}.Release|x64.Build.0 = Release|x64
		{FF2A7E47-98D9-4D5A-9DF2-178005E95F6A}.Release|x86.ActiveCfg = Release|Win32
		{FF2A7E47-98D9-4D5A-9DF2-178005E95F6A}.Release|x86.Build.0 = Release|Win32
	EndGlobalSection
	GlobalSection(SolutionProperties) = preSolution
		HideSolutionNode = FALSE
	EndGlobalSection
	GlobalSection(ExtensibilityGlobals) = postSolution
		SolutionGuid = {3EE16F4E-FA5E-4EB8-A278-52D989F866FF}
	EndGlobalSection
EndGlobal
